
Microsoft Visual Studio Solution File, Format Version 12.00
# Visual Studio Version 17
VisualStudioVersion = 17.13.35806.99 d17.13
MinimumVisualStudioVersion = 10.0.40219.1
Project("{FAE04EC0-301F-11D3-BF4B-00C04F79EFBC}") = "ExcelScript", "ExcelScript.csproj", "{DC2A78CA-6D44-4294-A5FA-34CFA99F6E1E}"
EndProject
Global
	GlobalSection(SolutionConfigurationPlatforms) = preSolution
		Debug|Any CPU = Debug|Any CPU
		Release|Any CPU = Release|Any CPU
	EndGlobalSection
	GlobalSection(ProjectConfigurationPlatforms) = postSolution
		{DC2A78CA-6D44-4294-A5FA-34CFA99F6E1E}.Debug|Any CPU.ActiveCfg = Debug|Any CPU
		{DC2A78CA-6D44-4294-A5FA-34CFA99F6E1E}.Debug|Any CPU.Build.0 = Debug|Any CPU
		{DC2A78CA-6D44-4294-A5FA-34CFA99F6E1E}.Release|Any CPU.ActiveCfg = Release|Any CPU
		{DC2A78CA-6D44-4294-A5FA-34CFA99F6E1E}.Release|Any CPU.Build.0 = Release|Any CPU
	EndGlobalSection
	GlobalSection(SolutionProperties) = preSolution
		HideSolutionNode = FALSE
	EndGlobalSection
	GlobalSection(ExtensibilityGlobals) = postSolution
		SolutionGuid = {F94534C2-0243-43F5-8929-4615BD4C41C5}
	EndGlobalSection
EndGlobal
